
Microsoft Visual Studio Solution File, Format Version 12.00
# Visual Studio 2015
Project("{FAE04EC0-301F-11D3-BF4B-00C04F79EFBC}") = "test_multi_simple_project.CSharp", "test_multi_simple_project.CSharp.csproj", "{A4F33EC6-BC3D-37AE-D03F-F57A3C3C1121}"
EndProject
Global
	GlobalSection(SolutionConfigurationPlatforms) = preSolution
		Debug|Any CPU = Debug|Any CPU
		Release|Any CPU = Release|Any CPU
	EndGlobalSection
	GlobalSection(ProjectConfigurationPlatforms) = postSolution
		{A4F33EC6-BC3D-37AE-D03F-F57A3C3C1121}.Debug|Any CPU.ActiveCfg = Debug|Any CPU
		{A4F33EC6-BC3D-37AE-D03F-F57A3C3C1121}.Debug|Any CPU.Build.0 = Debug|Any CPU
		{A4F33EC6-BC3D-37AE-D03F-F57A3C3C1121}.Release|Any CPU.ActiveCfg = Release|Any CPU
		{A4F33EC6-BC3D-37AE-D03F-F57A3C3C1121}.Release|Any CPU.Build.0 = Release|Any CPU
	EndGlobalSection
	GlobalSection(SolutionProperties) = preSolution
		HideSolutionNode = FALSE
	EndGlobalSection
EndGlobal
